
Microsoft Visual Studio Solution File, Format Version 12.00
# Visual Studio Version 16
VisualStudioVersion = 16.0.29709.97
MinimumVisualStudioVersion = 10.0.40219.1
Project("{9A19103F-16F7-4668-BE54-9A1E7A4F7556}") = "Lab4.3PrimeNumbers", "Lab4.3PrimeNumbers\Lab4.3PrimeNumbers.csproj", "{525BA175-76F8-4B71-A9E3-0C7B3E6C3F70}"
EndProject
Project("{FAE04EC0-301F-11D3-BF4B-00C04F79EFBC}") = "PrimeNumbers", "PrimeNumbers\PrimeNumbers.csproj", "{E21D6F51-51C7-4788-A378-195CB3676D4E}"
EndProject
Global
	GlobalSection(SolutionConfigurationPlatforms) = preSolution
		Debug|Any CPU = Debug|Any CPU
		Release|Any CPU = Release|Any CPU
	EndGlobalSection
	GlobalSection(ProjectConfigurationPlatforms) = postSolution
		{525BA175-76F8-4B71-A9E3-0C7B3E6C3F70}.Debug|Any CPU.ActiveCfg = Debug|Any CPU
		{525BA175-76F8-4B71-A9E3-0C7B3E6C3F70}.Debug|Any CPU.Build.0 = Debug|Any CPU
		{525BA175-76F8-4B71-A9E3-0C7B3E6C3F70}.Release|Any CPU.ActiveCfg = Release|Any CPU
		{525BA175-76F8-4B71-A9E3-0C7B3E6C3F70}.Release|Any CPU.Build.0 = Release|Any CPU
		{E21D6F51-51C7-4788-A378-195CB3676D4E}.Debug|Any CPU.ActiveCfg = Debug|Any CPU
		{E21D6F51-51C7-4788-A378-195CB3676D4E}.Debug|Any CPU.Build.0 = Debug|Any CPU
		{E21D6F51-51C7-4788-A378-195CB3676D4E}.Release|Any CPU.ActiveCfg = Release|Any CPU
		{E21D6F51-51C7-4788-A378-195CB3676D4E}.Release|Any CPU.Build.0 = Release|Any CPU
	EndGlobalSection
	GlobalSection(SolutionProperties) = preSolution
		HideSolutionNode = FALSE
	EndGlobalSection
	GlobalSection(ExtensibilityGlobals) = postSolution
		SolutionGuid = {0E900A09-38E9-468D-8A09-8F53D1DD63DB}
	EndGlobalSection
EndGlobal
